
Microsoft Visual Studio Solution File, Format Version 11.00
# Visual Studio 2010
# SharpDevelop 4.3
Project("{FD48973F-F585-4F70-812B-4D0503B36CE9}") = "Iron-Exif", "Iron-Exif\Iron-Exif.pyproj", "{3AAD68BC-3D6B-433D-BFC8-F6153CEE3FBC}"
EndProject
Global
	GlobalSection(SolutionConfigurationPlatforms) = preSolution
		Debug|Any CPU = Debug|Any CPU
		Release|Any CPU = Release|Any CPU
	EndGlobalSection
	GlobalSection(ProjectConfigurationPlatforms) = postSolution
		{3AAD68BC-3D6B-433D-BFC8-F6153CEE3FBC}.Debug|Any CPU.Build.0 = Debug|Any CPU
		{3AAD68BC-3D6B-433D-BFC8-F6153CEE3FBC}.Debug|Any CPU.ActiveCfg = Debug|Any CPU
		{3AAD68BC-3D6B-433D-BFC8-F6153CEE3FBC}.Release|Any CPU.Build.0 = Release|Any CPU
		{3AAD68BC-3D6B-433D-BFC8-F6153CEE3FBC}.Release|Any CPU.ActiveCfg = Release|Any CPU
	EndGlobalSection
EndGlobal
